
Microsoft Visual Studio Solution File, Format Version 12.00
# Visual Studio Version 17
VisualStudioVersion = 17.13.35931.197 d17.13
MinimumVisualStudioVersion = 10.0.40219.1
Project("{FAE04EC0-301F-11D3-BF4B-00C04F79EFBC}") = "OurEstheticSolution", "OurEstheticSolution\OurEstheticSolution.csproj", "{80F48F2B-29AD-49E5-A475-CA08C9D61CC5}"
EndProject
Global
	GlobalSection(SolutionConfigurationPlatforms) = preSolution
		Debug|Any CPU = Debug|Any CPU
		Release|Any CPU = Release|Any CPU
	EndGlobalSection
	GlobalSection(ProjectConfigurationPlatforms) = postSolution
		{80F48F2B-29AD-49E5-A475-CA08C9D61CC5}.Debug|Any CPU.ActiveCfg = Debug|Any CPU
		{80F48F2B-29AD-49E5-A475-CA08C9D61CC5}.Debug|Any CPU.Build.0 = Debug|Any CPU
		{80F48F2B-29AD-49E5-A475-CA08C9D61CC5}.Release|Any CPU.ActiveCfg = Release|Any CPU
		{80F48F2B-29AD-49E5-A475-CA08C9D61CC5}.Release|Any CPU.Build.0 = Release|Any CPU
	EndGlobalSection
	GlobalSection(SolutionProperties) = preSolution
		HideSolutionNode = FALSE
	EndGlobalSection
	GlobalSection(ExtensibilityGlobals) = postSolution
		SolutionGuid = {871834C4-807A-4AD2-BA9F-C581C2CBC815}
	EndGlobalSection
EndGlobal
